
Microsoft Visual Studio Solution File, Format Version 12.00
# Visual Studio Version 17
VisualStudioVersion = 17.2.32616.157
MinimumVisualStudioVersion = 10.0.40219.1
Project("{FAE04EC0-301F-11D3-BF4B-00C04F79EFBC}") = "msgConverter", "msgConverter.csproj", "{BBF647FC-4B28-4AEC-AEE4-DB8D2ECEC262}"
EndProject
Global
	GlobalSection(SolutionConfigurationPlatforms) = preSolution
		Debug|Any CPU = Debug|Any CPU
		Release|Any CPU = Release|Any CPU
	EndGlobalSection
	GlobalSection(ProjectConfigurationPlatforms) = postSolution
		{BBF647FC-4B28-4AEC-AEE4-DB8D2ECEC262}.Debug|Any CPU.ActiveCfg = Debug|Any CPU
		{BBF647FC-4B28-4AEC-AEE4-DB8D2ECEC262}.Debug|Any CPU.Build.0 = Debug|Any CPU
		{BBF647FC-4B28-4AEC-AEE4-DB8D2ECEC262}.Release|Any CPU.ActiveCfg = Release|Any CPU
		{BBF647FC-4B28-4AEC-AEE4-DB8D2ECEC262}.Release|Any CPU.Build.0 = Release|Any CPU
	EndGlobalSection
	GlobalSection(SolutionProperties) = preSolution
		HideSolutionNode = FALSE
	EndGlobalSection
	GlobalSection(ExtensibilityGlobals) = postSolution
		SolutionGuid = {95164B61-1254-41DD-9CC2-211E81F30DC9}
	EndGlobalSection
EndGlobal
